
Microsoft Visual Studio Solution File, Format Version 12.00
# Visual Studio Version 16
VisualStudioVersion = 16.0.30517.126
MinimumVisualStudioVersion = 10.0.40219.1
Project("{FAE04EC0-301F-11D3-BF4B-00C04F79EFBC}") = "Server", "Ejercicio1\Server.csproj", "{710C1AEE-1C49-4178-8050-8D234FA00723}"
EndProject
Project("{FAE04EC0-301F-11D3-BF4B-00C04F79EFBC}") = "Cliente", "Cliente\Cliente.csproj", "{F5DE0A11-F9F3-44FC-9BB1-7520CFB6773C}"
EndProject
Global
	GlobalSection(SolutionConfigurationPlatforms) = preSolution
		Debug|Any CPU = Debug|Any CPU
		Release|Any CPU = Release|Any CPU
	EndGlobalSection
	GlobalSection(ProjectConfigurationPlatforms) = postSolution
		{710C1AEE-1C49-4178-8050-8D234FA00723}.Debug|Any CPU.ActiveCfg = Debug|Any CPU
		{710C1AEE-1C49-4178-8050-8D234FA00723}.Debug|Any CPU.Build.0 = Debug|Any CPU
		{710C1AEE-1C49-4178-8050-8D234FA00723}.Release|Any CPU.ActiveCfg = Release|Any CPU
		{710C1AEE-1C49-4178-8050-8D234FA00723}.Release|Any CPU.Build.0 = Release|Any CPU
		{F5DE0A11-F9F3-44FC-9BB1-7520CFB6773C}.Debug|Any CPU.ActiveCfg = Debug|Any CPU
		{F5DE0A11-F9F3-44FC-9BB1-7520CFB6773C}.Debug|Any CPU.Build.0 = Debug|Any CPU
		{F5DE0A11-F9F3-44FC-9BB1-7520CFB6773C}.Release|Any CPU.ActiveCfg = Release|Any CPU
		{F5DE0A11-F9F3-44FC-9BB1-7520CFB6773C}.Release|Any CPU.Build.0 = Release|Any CPU
	EndGlobalSection
	GlobalSection(SolutionProperties) = preSolution
		HideSolutionNode = FALSE
	EndGlobalSection
	GlobalSection(ExtensibilityGlobals) = postSolution
		SolutionGuid = {9308935E-050B-4563-80F8-A313FF1497E8}
	EndGlobalSection
EndGlobal
